
Microsoft Visual Studio Solution File, Format Version 12.00
# Visual Studio Version 17
VisualStudioVersion = 17.3.32825.248
MinimumVisualStudioVersion = 10.0.40219.1
Project("{FAE04EC0-301F-11D3-BF4B-00C04F79EFBC}") = "DataBaseTask", "DataBaseTask.csproj", "{BDE3E405-9630-4646-8214-07D106165D4D}"
EndProject
Global
	GlobalSection(SolutionConfigurationPlatforms) = preSolution
		Debug|Any CPU = Debug|Any CPU
		Release|Any CPU = Release|Any CPU
	EndGlobalSection
	GlobalSection(ProjectConfigurationPlatforms) = postSolution
		{BDE3E405-9630-4646-8214-07D106165D4D}.Debug|Any CPU.ActiveCfg = Debug|Any CPU
		{BDE3E405-9630-4646-8214-07D106165D4D}.Debug|Any CPU.Build.0 = Debug|Any CPU
		{BDE3E405-9630-4646-8214-07D106165D4D}.Release|Any CPU.ActiveCfg = Release|Any CPU
		{BDE3E405-9630-4646-8214-07D106165D4D}.Release|Any CPU.Build.0 = Release|Any CPU
	EndGlobalSection
	GlobalSection(SolutionProperties) = preSolution
		HideSolutionNode = FALSE
	EndGlobalSection
	GlobalSection(ExtensibilityGlobals) = postSolution
		SolutionGuid = {C1164919-B2AE-4019-A478-E3184E125B38}
	EndGlobalSection
EndGlobal
